
Microsoft Visual Studio Solution File, Format Version 12.00
# Visual Studio 2013
VisualStudioVersion = 12.0.30501.0
MinimumVisualStudioVersion = 10.0.40219.1
Project("{FAE04EC0-301F-11D3-BF4B-00C04F79EFBC}") = "Dat2Csv", "Dat2Csv\Dat2Csv.csproj", "{23744B6C-ACBA-4FBC-9931-E9F83766C25D}"
EndProject
Project("{FAE04EC0-301F-11D3-BF4B-00C04F79EFBC}") = "Dat2Csv.Tests", "Dat2Csv.Tests\Dat2Csv.Tests.csproj", "{D2366532-4364-41E1-A93D-76E080C23970}"
EndProject
Global
	GlobalSection(SolutionConfigurationPlatforms) = preSolution
		Debug|Any CPU = Debug|Any CPU
		Release|Any CPU = Release|Any CPU
	EndGlobalSection
	GlobalSection(ProjectConfigurationPlatforms) = postSolution
		{23744B6C-ACBA-4FBC-9931-E9F83766C25D}.Debug|Any CPU.ActiveCfg = Debug|Any CPU
		{23744B6C-ACBA-4FBC-9931-E9F83766C25D}.Debug|Any CPU.Build.0 = Debug|Any CPU
		{23744B6C-ACBA-4FBC-9931-E9F83766C25D}.Release|Any CPU.ActiveCfg = Release|Any CPU
		{23744B6C-ACBA-4FBC-9931-E9F83766C25D}.Release|Any CPU.Build.0 = Release|Any CPU
		{D2366532-4364-41E1-A93D-76E080C23970}.Debug|Any CPU.ActiveCfg = Debug|Any CPU
		{D2366532-4364-41E1-A93D-76E080C23970}.Debug|Any CPU.Build.0 = Debug|Any CPU
		{D2366532-4364-41E1-A93D-76E080C23970}.Release|Any CPU.ActiveCfg = Release|Any CPU
		{D2366532-4364-41E1-A93D-76E080C23970}.Release|Any CPU.Build.0 = Release|Any CPU
	EndGlobalSection
	GlobalSection(SolutionProperties) = preSolution
		HideSolutionNode = FALSE
	EndGlobalSection
EndGlobal
